PODS:
  - EEEInterventions (0.1.0)
  - Kiwi/ARC (2.2.3)
  - Kiwi/NonARC (2.2.3)
  - Kiwi/XCTest (2.2.3):
    - Kiwi/ARC
    - Kiwi/NonARC

DEPENDENCIES:
  - EEEInterventions (from `../`)
  - Kiwi/XCTest

EXTERNAL SOURCES:
  EEEInterventions:
    :path: ../

SPEC CHECKSUMS:
  EEEInterventions: 21901ff55b8d239790df8889ecefa7b9c63da598
  Kiwi: 04c51e880831d291748ec702d42c4101f7eb95c9

COCOAPODS: 0.28.0
